// !$*UTF8*$!
{
	archiveVersion = 1;
	classes = {
	};
	objectVersion = 77;
	objects = {

/* Begin PBXContainerItemProxy section */
		38572E2B2E17A9EC009087D3 /* PBXContainerItemProxy */ = {
			isa = PBXContainerItemProxy;
			containerPortal = 38572E142E17A9EB009087D3 /* Project object */;
			proxyType = 1;
			remoteGlobalIDString = 38572E1B2E17A9EB009087D3;
			remoteInfo = GoldChart;
		};
		38572E352E17A9EC009087D3 /* PBXContainerItemProxy */ = {
			isa = PBXContainerItemProxy;
			containerPortal = 38572E142E17A9EB009087D3 /* Project object */;
			proxyType = 1;
			remoteGlobalIDString = 38572E1B2E17A9EB009087D3;
			remoteInfo = GoldChart;
		};
/* End PBXContainerItemProxy section */

/* Begin PBXFileReference section */
		38572E1C2E17A9EB009087D3 /* GoldChart.app */ = {isa = PBXFileReference; explicitFileType = wrapper.application; includeInIndex = 0; path = GoldChart.app; sourceTree = BUILT_PRODUCTS_DIR; };
		38572E2A2E17A9EC009087D3 /* GoldChartTests.xctest */ = {isa = PBXFileReference; explicitFileType = wrapper.cfbundle; includeInIndex = 0; path = GoldChartTests.xctest; sourceTree = BUILT_PRODUCTS_DIR; };
		38572E342E17A9EC009087D3 /* GoldChartUITests.xctest */ = {isa = PBXFileReference; explicitFileType = wrapper.cfbundle; includeInIndex = 0; path = GoldChartUITests.xctest; sourceTree = BUILT_PRODUCTS_DIR; };
/* End PBXFileReference section */

/* Begin PBXFileSystemSynchronizedRootGroup section */
		38572E1E2E17A9EB009087D3 /* GoldChart */ = {
			isa = PBXFileSystemSynchronizedRootGroup;
			path = GoldChart;
			sourceTree = "<group>";
		};
		38572E2D2E17A9EC009087D3 /* GoldChartTests */ = {
			isa = PBXFileSystemSynchronizedRootGroup;
			path = GoldChartTests;
			sourceTree = "<group>";
		};
		38572E372E17A9EC009087D3 /* GoldChartUITests */ = {
			isa = PBXFileSystemSynchronizedRootGroup;
			path = GoldChartUITests;
			sourceTree = "<group>";
		};
/* End PBXFileSystemSynchronizedRootGroup section */

/* Begin PBXFrameworksBuildPhase section */
		38572E192E17A9EB009087D3 /* Frameworks */ = {
			isa = PBXFrameworksBuildPhase;
			buildActionMask = 2147483647;
			files = (
			);
			runOnlyForDeploymentPostprocessing = 0;
		};
		38572E272E17A9EC009087D3 /* Frameworks */ = {
			isa = PBXFrameworksBuildPhase;
			buildActionMask = 2147483647;
			files = (
			);
			runOnlyForDeploymentPostprocessing = 0;
		};
		38572E312E17A9EC009087D3 /* Frameworks */ = {
			isa = PBXFrameworksBuildPhase;
			buildActionMask = 2147483647;
			files = (
			);
			runOnlyForDeploymentPostprocessing = 0;
		};
/* End PBXFrameworksBuildPhase section */

/* Begin PBXGroup section */
		38572E132E17A9EB009087D3 = {
			isa = PBXGroup;
			children = (
				38572E1E2E17A9EB009087D3 /* GoldChart */,
				38572E2D2E17A9EC009087D3 /* GoldChartTests */,
				38572E372E17A9EC009087D3 /* GoldChartUITests */,
				38572E1D2E17A9EB009087D3 /* Products */,
			);
			sourceTree = "<group>";
		};
		38572E1D2E17A9EB009087D3 /* Products */ = {
			isa = PBXGroup;
			children = (
				38572E1C2E17A9EB009087D3 /* GoldChart.app */,
				38572E2A2E17A9EC009087D3 /* GoldChartTests.xctest */,
				38572E342E17A9EC009087D3 /* GoldChartUITests.xctest */,
			);
			name = Products;
			sourceTree = "<group>";
		};
/* End PBXGroup section */

/* Begin PBXNativeTarget section */
		38572E1B2E17A9EB009087D3 /* GoldChart */ = {
			isa = PBXNativeTarget;
			buildConfigurationList = 38572E3E2E17A9EC009087D3 /* Build configuration list for PBXNativeTarget "GoldChart" */;
			buildPhases = (
				38572E182E17A9EB009087D3 /* Sources */,
				38572E192E17A9EB009087D3 /* Frameworks */,
				38572E1A2E17A9EB009087D3 /* Resources */,
			);
			buildRules = (
			);
			dependencies = (
			);
			fileSystemSynchronizedGroups = (
				38572E1E2E17A9EB009087D3 /* GoldChart */,
			);
			name = GoldChart;
			packageProductDependencies = (
			);
			productName = GoldChart;
			productReference = 38572E1C2E17A9EB009087D3 /* GoldChart.app */;
			productType = "com.apple.product-type.application";
		};
		38572E292E17A9EC009087D3 /* GoldChartTests */ = {
			isa = PBXNativeTarget;
			buildConfigurationList = 38572E412E17A9EC009087D3 /* Build configuration list for PBXNativeTarget "GoldChartTests" */;
			buildPhases = (
				38572E262E17A9EC009087D3 /* Sources */,
				38572E272E17A9EC009087D3 /* Frameworks */,
				38572E282E17A9EC009087D3 /* Resources */,
			);
			buildRules = (
			);
			dependencies = (
				38572E2C2E17A9EC009087D3 /* PBXTargetDependency */,
			);
			fileSystemSynchronizedGroups = (
				38572E2D2E17A9EC009087D3 /* GoldChartTests */,
			);
			name = GoldChartTests;
			packageProductDependencies = (
			);
			productName = GoldChartTests;
			productReference = 38572E2A2E17A9EC009087D3 /* GoldChartTests.xctest */;
			productType = "com.apple.product-type.bundle.unit-test";
		};
		38572E332E17A9EC009087D3 /* GoldChartUITests */ = {
			isa = PBXNativeTarget;
			buildConfigurationList = 38572E442E17A9EC009087D3 /* Build configuration list for PBXNativeTarget "GoldChartUITests" */;
			buildPhases = (
				38572E302E17A9EC009087D3 /* Sources */,
				38572E312E17A9EC009087D3 /* Frameworks */,
				38572E322E17A9EC009087D3 /* Resources */,
			);
			buildRules = (
			);
			dependencies = (
				38572E362E17A9EC009087D3 /* PBXTargetDependency */,
			);
			fileSystemSynchronizedGroups = (
				38572E372E17A9EC009087D3 /* GoldChartUITests */,
			);
			name = GoldChartUITests;
			packageProductDependencies = (
			);
			productName = GoldChartUITests;
			productReference = 38572E342E17A9EC009087D3 /* GoldChartUITests.xctest */;
			productType = "com.apple.product-type.bundle.ui-testing";
		};
/* End PBXNativeTarget section */

/* Begin PBXProject section */
		38572E142E17A9EB009087D3 /* Project object */ = {
			isa = PBXProject;
			attributes = {
				BuildIndependentTargetsInParallel = 1;
				LastSwiftUpdateCheck = 1640;
				LastUpgradeCheck = 1640;
				TargetAttributes = {
					38572E1B2E17A9EB009087D3 = {
						CreatedOnToolsVersion = 16.4;
					};
					38572E292E17A9EC009087D3 = {
						CreatedOnToolsVersion = 16.4;
						TestTargetID = 38572E1B2E17A9EB009087D3;
					};
					38572E332E17A9EC009087D3 = {
						CreatedOnToolsVersion = 16.4;
						TestTargetID = 38572E1B2E17A9EB009087D3;
					};
				};
			};
			buildConfigurationList = 38572E172E17A9EB009087D3 /* Build configuration list for PBXProject "GoldChart" */;
			developmentRegion = en;
			hasScannedForEncodings = 0;
			knownRegions = (
				en,
				Base,
			);
			mainGroup = 38572E132E17A9EB009087D3;
			minimizedProjectReferenceProxies = 1;
			preferredProjectObjectVersion = 77;
			productRefGroup = 38572E1D2E17A9EB009087D3 /* Products */;
			projectDirPath = "";
			projectRoot = "";
			targets = (
				38572E1B2E17A9EB009087D3 /* GoldChart */,
				38572E292E17A9EC009087D3 /* GoldChartTests */,
				38572E332E17A9EC009087D3 /* GoldChartUITests */,
			);
		};
/* End PBXProject section */

/* Begin PBXResourcesBuildPhase section */
		38572E1A2E17A9EB009087D3 /* Resources */ = {
			isa = PBXResourcesBuildPhase;
			buildActionMask = 2147483647;
			files = (
			);
			runOnlyForDeploymentPostprocessing = 0;
		};
		38572E282E17A9EC009087D3 /* Resources */ = {
			isa = PBXResourcesBuildPhase;
			buildActionMask = 2147483647;
			files = (
			);
			runOnlyForDeploymentPostprocessing = 0;
		};
		38572E322E17A9EC009087D3 /* Resources */ = {
			isa = PBXResourcesBuildPhase;
			buildActionMask = 2147483647;
			files = (
			);
			runOnlyForDeploymentPostprocessing = 0;
		};
/* End PBXResourcesBuildPhase section */

/* Begin PBXSourcesBuildPhase section */
		38572E182E17A9EB009087D3 /* Sources */ = {
			isa = PBXSourcesBuildPhase;
			buildActionMask = 2147483647;
			files = (
			);
			runOnlyForDeploymentPostprocessing = 0;
		};
		38572E262E17A9EC009087D3 /* Sources */ = {
			isa = PBXSourcesBuildPhase;
			buildActionMask = 2147483647;
			files = (
			);
			runOnlyForDeploymentPostprocessing = 0;
		};
		38572E302E17A9EC009087D3 /* Sources */ = {
			isa = PBXSourcesBuildPhase;
			buildActionMask = 2147483647;
			files = (
			);
			runOnlyForDeploymentPostprocessing = 0;
		};
/* End PBXSourcesBuildPhase section */

/* Begin PBXTargetDependency section */
		38572E2C2E17A9EC009087D3 /* PBXTargetDependency */ = {
			isa = PBXTargetDependency;
			target = 38572E1B2E17A9EB009087D3 /* GoldChart */;
			targetProxy = 38572E2B2E17A9EC009087D3 /* PBXContainerItemProxy */;
		};
		38572E362E17A9EC009087D3 /* PBXTargetDependency */ = {
			isa = PBXTargetDependency;
			target = 38572E1B2E17A9EB009087D3 /* GoldChart */;
			targetProxy = 38572E352E17A9EC009087D3 /* PBXContainerItemProxy */;
		};
/* End PBXTargetDependency section */

/* Begin XCBuildConfiguration section */
		38572E3C2E17A9EC009087D3 /* Debug */ = {
			isa = XCBuildConfiguration;
			buildSettings = {
				ALWAYS_SEARCH_USER_PATHS = NO;
				ASSETCATALOG_COMPILER_GENERATE_SWIFT_ASSET_SYMBOL_EXTENSIONS = YES;
				CLANG_ANALYZER_NONNULL = YES;
				CLANG_ANALYZER_NUMBER_OBJECT_CONVERSION = YES_AGGRESSIVE;
				CLANG_CXX_LANGUAGE_STANDARD = "gnu++20";
				CLANG_ENABLE_MODULES = YES;
				CLANG_ENABLE_OBJC_ARC = YES;
				CLANG_ENABLE_OBJC_WEAK = YES;
				CLANG_WARN_BLOCK_CAPTURE_AUTORELEASING = YES;
				CLANG_WARN_BOOL_CONVERSION = YES;
				CLANG_WARN_COMMA = YES;
				CLANG_WARN_CONSTANT_CONVERSION = YES;
				CLANG_WARN_DEPRECATED_OBJC_IMPLEMENTATIONS = YES;
				CLANG_WARN_DIRECT_OBJC_ISA_USAGE = YES_ERROR;
				CLANG_WARN_DOCUMENTATION_COMMENTS = YES;
				CLANG_WARN_EMPTY_BODY = YES;
				CLANG_WARN_ENUM_CONVERSION = YES;
				CLANG_WARN_INFINITE_RECURSION = YES;
				CLANG_WARN_INT_CONVERSION = YES;
				CLANG_WARN_NON_LITERAL_NULL_CONVERSION = YES;
				CLANG_WARN_OBJC_IMPLICIT_RETAIN_SELF = YES;
				CLANG_WARN_OBJC_LITERAL_CONVERSION = YES;
				CLANG_WARN_OBJC_ROOT_CLASS = YES_ERROR;
				CLANG_WARN_QUOTED_INCLUDE_IN_FRAMEWORK_HEADER = YES;
				CLANG_WARN_RANGE_LOOP_ANALYSIS = YES;
				CLANG_WARN_STRICT_PROTOTYPES = YES;
				CLANG_WARN_SUSPICIOUS_MOVE = YES;
				CLANG_WARN_UNGUARDED_AVAILABILITY = YES_AGGRESSIVE;
				CLANG_WARN_UNREACHABLE_CODE = YES;
				CLANG_WARN__DUPLICATE_METHOD_MATCH = YES;
				COPY_PHASE_STRIP = NO;
				DEBUG_INFORMATION_FORMAT = dwarf;
				ENABLE_STRICT_OBJC_MSGSEND = YES;
				ENABLE_TESTABILITY = YES;
				ENABLE_USER_SCRIPT_SANDBOXING = YES;
				GCC_C_LANGUAGE_STANDARD = gnu17;
				GCC_DYNAMIC_NO_PIC = NO;
				GCC_NO_COMMON_BLOCKS = YES;
				GCC_OPTIMIZATION_LEVEL = 0;
				GCC_PREPROCESSOR_DEFINITIONS = (
					"DEBUG=1",
					"$(inherited)",
				);
				GCC_WARN_64_TO_32_BIT_CONVERSION = YES;
				GCC_WARN_ABOUT_RETURN_TYPE = YES_ERROR;
				GCC_WARN_UNDECLARED_SELECTOR = YES;
				GCC_WARN_UNINITIALIZED_AUTOS = YES_AGGRESSIVE;
				GCC_WARN_UNUSED_FUNCTION = YES;
				GCC_WARN_UNUSED_VARIABLE = YES;
				LOCALIZATION_PREFERS_STRING_CATALOGS = YES;
				MACOSX_DEPLOYMENT_TARGET = 15.5;
				MTL_ENABLE_DEBUG_INFO = INCLUDE_SOURCE;
				MTL_FAST_MATH = YES;
				ONLY_ACTIVE_ARCH = YES;
				SDKROOT = macosx;
				SWIFT_ACTIVE_COMPILATION_CONDITIONS = "DEBUG $(inherited)";
				SWIFT_OPTIMIZATION_LEVEL = "-Onone";
			};
			name = Debug;
		};
		38572E3D2E17A9EC009087D3 /* Release */ = {
			isa = XCBuildConfiguration;
			buildSettings = {
				ALWAYS_SEARCH_USER_PATHS = NO;
				ASSETCATALOG_COMPILER_GENERATE_SWIFT_ASSET_SYMBOL_EXTENSIONS = YES;
				CLANG_ANALYZER_NONNULL = YES;
				CLANG_ANALYZER_NUMBER_OBJECT_CONVERSION = YES_AGGRESSIVE;
				CLANG_CXX_LANGUAGE_STANDARD = "gnu++20";
				CLANG_ENABLE_MODULES = YES;
				CLANG_ENABLE_OBJC_ARC = YES;
				CLANG_ENABLE_OBJC_WEAK = YES;
				CLANG_WARN_BLOCK_CAPTURE_AUTORELEASING = YES;
				CLANG_WARN_BOOL_CONVERSION = YES;
				CLANG_WARN_COMMA = YES;
				CLANG_WARN_CONSTANT_CONVERSION = YES;
				CLANG_WARN_DEPRECATED_OBJC_IMPLEMENTATIONS = YES;
				CLANG_WARN_DIRECT_OBJC_ISA_USAGE = YES_ERROR;
				CLANG_WARN_DOCUMENTATION_COMMENTS = YES;
				CLANG_WARN_EMPTY_BODY = YES;
				CLANG_WARN_ENUM_CONVERSION = YES;
				CLANG_WARN_INFINITE_RECURSION = YES;
				CLANG_WARN_INT_CONVERSION = YES;
				CLANG_WARN_NON_LITERAL_NULL_CONVERSION = YES;
				CLANG_WARN_OBJC_IMPLICIT_RETAIN_SELF = YES;
				CLANG_WARN_OBJC_LITERAL_CONVERSION = YES;
				CLANG_WARN_OBJC_ROOT_CLASS = YES_ERROR;
				CLANG_WARN_QUOTED_INCLUDE_IN_FRAMEWORK_HEADER = YES;
				CLANG_WARN_RANGE_LOOP_ANALYSIS = YES;
				CLANG_WARN_STRICT_PROTOTYPES = YES;
				CLANG_WARN_SUSPICIOUS_MOVE = YES;
				CLANG_WARN_UNGUARDED_AVAILABILITY = YES_AGGRESSIVE;
				CLANG_WARN_UNREACHABLE_CODE = YES;
				CLANG_WARN__DUPLICATE_METHOD_MATCH = YES;
				COPY_PHASE_STRIP = NO;
				DEBUG_INFORMATION_FORMAT = "dwarf-with-dsym";
				ENABLE_NS_ASSERTIONS = NO;
				ENABLE_STRICT_OBJC_MSGSEND = YES;
				ENABLE_USER_SCRIPT_SANDBOXING = YES;
				GCC_C_LANGUAGE_STANDARD = gnu17;
				GCC_NO_COMMON_BLOCKS = YES;
				GCC_WARN_64_TO_32_BIT_CONVERSION = YES;
				GCC_WARN_ABOUT_RETURN_TYPE = YES_ERROR;
				GCC_WARN_UNDECLARED_SELECTOR = YES;
				GCC_WARN_UNINITIALIZED_AUTOS = YES_AGGRESSIVE;
				GCC_WARN_UNUSED_FUNCTION = YES;
				GCC_WARN_UNUSED_VARIABLE = YES;
				LOCALIZATION_PREFERS_STRING_CATALOGS = YES;
				MACOSX_DEPLOYMENT_TARGET = 15.5;
				MTL_ENABLE_DEBUG_INFO = NO;
				MTL_FAST_MATH = YES;
				SDKROOT = macosx;
				SWIFT_COMPILATION_MODE = wholemodule;
			};
			name = Release;
		};
		38572E3F2E17A9EC009087D3 /* Debug */ = {
			isa = XCBuildConfiguration;
			buildSettings = {
				ASSETCATALOG_COMPILER_APPICON_NAME = AppIcon;
				ASSETCATALOG_COMPILER_GLOBAL_ACCENT_COLOR_NAME = AccentColor;
				CODE_SIGN_ENTITLEMENTS = GoldChart/GoldChart.entitlements;
				CODE_SIGN_STYLE = Automatic;
				COMBINE_HIDPI_IMAGES = YES;
				CURRENT_PROJECT_VERSION = 1;
				ENABLE_PREVIEWS = YES;
				GENERATE_INFOPLIST_FILE = YES;
				INFOPLIST_KEY_NSHumanReadableCopyright = "";
				LD_RUNPATH_SEARCH_PATHS = (
					"$(inherited)",
					"@executable_path/../Frameworks",
				);
				MARKETING_VERSION = 1.0;
				PRODUCT_BUNDLE_IDENTIFIER = com.hayeslin.view.GoldChart;
				PRODUCT_NAME = "$(TARGET_NAME)";
				REGISTER_APP_GROUPS = YES;
				SWIFT_EMIT_LOC_STRINGS = YES;
				SWIFT_VERSION = 5.0;
			};
			name = Debug;
		};
		38572E402E17A9EC009087D3 /* Release */ = {
			isa = XCBuildConfiguration;
			buildSettings = {
				ASSETCATALOG_COMPILER_APPICON_NAME = AppIcon;
				ASSETCATALOG_COMPILER_GLOBAL_ACCENT_COLOR_NAME = AccentColor;
				CODE_SIGN_ENTITLEMENTS = GoldChart/GoldChart.entitlements;
				CODE_SIGN_STYLE = Automatic;
				COMBINE_HIDPI_IMAGES = YES;
				CURRENT_PROJECT_VERSION = 1;
				ENABLE_PREVIEWS = YES;
				GENERATE_INFOPLIST_FILE = YES;
				INFOPLIST_KEY_NSHumanReadableCopyright = "";
				LD_RUNPATH_SEARCH_PATHS = (
					"$(inherited)",
					"@executable_path/../Frameworks",
				);
				MARKETING_VERSION = 1.0;
				PRODUCT_BUNDLE_IDENTIFIER = com.hayeslin.view.GoldChart;
				PRODUCT_NAME = "$(TARGET_NAME)";
				REGISTER_APP_GROUPS = YES;
				SWIFT_EMIT_LOC_STRINGS = YES;
				SWIFT_VERSION = 5.0;
			};
			name = Release;
		};
		38572E422E17A9EC009087D3 /* Debug */ = {
			isa = XCBuildConfiguration;
			buildSettings = {
				BUNDLE_LOADER = "$(TEST_HOST)";
				CODE_SIGN_STYLE = Automatic;
				CURRENT_PROJECT_VERSION = 1;
				GENERATE_INFOPLIST_FILE = YES;
				MACOSX_DEPLOYMENT_TARGET = 15.5;
				MARKETING_VERSION = 1.0;
				PRODUCT_BUNDLE_IDENTIFIER = com.hayeslin.view.GoldChartTests;
				PRODUCT_NAME = "$(TARGET_NAME)";
				SWIFT_EMIT_LOC_STRINGS = NO;
				SWIFT_VERSION = 5.0;
				TEST_HOST = "$(BUILT_PRODUCTS_DIR)/GoldChart.app/$(BUNDLE_EXECUTABLE_FOLDER_PATH)/GoldChart";
			};
			name = Debug;
		};
		38572E432E17A9EC009087D3 /* Release */ = {
			isa = XCBuildConfiguration;
			buildSettings = {
				BUNDLE_LOADER = "$(TEST_HOST)";
				CODE_SIGN_STYLE = Automatic;
				CURRENT_PROJECT_VERSION = 1;
				GENERATE_INFOPLIST_FILE = YES;
				MACOSX_DEPLOYMENT_TARGET = 15.5;
				MARKETING_VERSION = 1.0;
				PRODUCT_BUNDLE_IDENTIFIER = com.hayeslin.view.GoldChartTests;
				PRODUCT_NAME = "$(TARGET_NAME)";
				SWIFT_EMIT_LOC_STRINGS = NO;
				SWIFT_VERSION = 5.0;
				TEST_HOST = "$(BUILT_PRODUCTS_DIR)/GoldChart.app/$(BUNDLE_EXECUTABLE_FOLDER_PATH)/GoldChart";
			};
			name = Release;
		};
		38572E452E17A9EC009087D3 /* Debug */ = {
			isa = XCBuildConfiguration;
			buildSettings = {
				CODE_SIGN_STYLE = Automatic;
				CURRENT_PROJECT_VERSION = 1;
				GENERATE_INFOPLIST_FILE = YES;
				MARKETING_VERSION = 1.0;
				PRODUCT_BUNDLE_IDENTIFIER = com.hayeslin.view.GoldChartUITests;
				PRODUCT_NAME = "$(TARGET_NAME)";
				SWIFT_EMIT_LOC_STRINGS = NO;
				SWIFT_VERSION = 5.0;
				TEST_TARGET_NAME = GoldChart;
			};
			name = Debug;
		};
		38572E462E17A9EC009087D3 /* Release */ = {
			isa = XCBuildConfiguration;
			buildSettings = {
				CODE_SIGN_STYLE = Automatic;
				CURRENT_PROJECT_VERSION = 1;
				GENERATE_INFOPLIST_FILE = YES;
				MARKETING_VERSION = 1.0;
				PRODUCT_BUNDLE_IDENTIFIER = com.hayeslin.view.GoldChartUITests;
				PRODUCT_NAME = "$(TARGET_NAME)";
				SWIFT_EMIT_LOC_STRINGS = NO;
				SWIFT_VERSION = 5.0;
				TEST_TARGET_NAME = GoldChart;
			};
			name = Release;
		};
/* End XCBuildConfiguration section */

/* Begin XCConfigurationList section */
		38572E172E17A9EB009087D3 /* Build configuration list for PBXProject "GoldChart" */ = {
			isa = XCConfigurationList;
			buildConfigurations = (
				38572E3C2E17A9EC009087D3 /* Debug */,
				38572E3D2E17A9EC009087D3 /* Release */,
			);
			defaultConfigurationIsVisible = 0;
			defaultConfigurationName = Release;
		};
		38572E3E2E17A9EC009087D3 /* Build configuration list for PBXNativeTarget "GoldChart" */ = {
			isa = XCConfigurationList;
			buildConfigurations = (
				38572E3F2E17A9EC009087D3 /* Debug */,
				38572E402E17A9EC009087D3 /* Release */,
			);
			defaultConfigurationIsVisible = 0;
			defaultConfigurationName = Release;
		};
		38572E412E17A9EC009087D3 /* Build configuration list for PBXNativeTarget "GoldChartTests" */ = {
			isa = XCConfigurationList;
			buildConfigurations = (
				38572E422E17A9EC009087D3 /* Debug */,
				38572E432E17A9EC009087D3 /* Release */,
			);
			defaultConfigurationIsVisible = 0;
			defaultConfigurationName = Release;
		};
		38572E442E17A9EC009087D3 /* Build configuration list for PBXNativeTarget "GoldChartUITests" */ = {
			isa = XCConfigurationList;
			buildConfigurations = (
				38572E452E17A9EC009087D3 /* Debug */,
				38572E462E17A9EC009087D3 /* Release */,
			);
			defaultConfigurationIsVisible = 0;
			defaultConfigurationName = Release;
		};
/* End XCConfigurationList section */
	};
	rootObject = 38572E142E17A9EB009087D3 /* Project object */;
}
